PODS:
  - Nimble (8.0.4)
  - OHHTTPStubs (6.0.0):
    - OHHTTPStubs/Default (= 6.0.0)
  - OHHTTPStubs/Core (6.0.0)
  - OHHTTPStubs/Default (6.0.0):
    - OHHTTPStubs/Core
    - OHHTTPStubs/JSON
    - OHHTTPStubs/NSURLSession
    - OHHTTPStubs/OHPathHelpers
  - OHHTTPStubs/JSON (6.0.0):
    - OHHTTPStubs/Core
  - OHHTTPStubs/NSURLSession (6.0.0):
    - OHHTTPStubs/Core
  - OHHTTPStubs/OHPathHelpers (6.0.0)
  - OHHTTPStubs/Swift (6.0.0):
    - OHHTTPStubs/Default
  - Webtrekk (4.15.12)

DEPENDENCIES:
  - Nimble (~> 8.0.4)
  - OHHTTPStubs (~> 6.0.0)
  - OHHTTPStubs/Swift (~> 6.0.0)
  - Webtrekk (~> 4.15.12)

SPEC REPOS:
  https://github.com/CocoaPods/Specs.git:
    - Nimble
    - OHHTTPStubs
  trunk:
    - Webtrekk

SPEC CHECKSUMS:
  Nimble: 18d5360282923225d62b09d781f63abc1a0111fc
  OHHTTPStubs: 752f9b11fd810a15162d50f11c06ff94f8e012eb
  Webtrekk: cdc2eadee1b75458d880dcc27a7c28776089f253

PODFILE CHECKSUM: 682472bd4a61e2d17ed9fc36e99a104fc92e51fa

COCOAPODS: 1.8.4
