PODS:
  - Nimble (7.0.3)
  - OHHTTPStubs (6.0.0):
    - OHHTTPStubs/Default (= 6.0.0)
  - OHHTTPStubs/Core (6.0.0)
  - OHHTTPStubs/Default (6.0.0):
    - OHHTTPStubs/Core
    - OHHTTPStubs/JSON
    - OHHTTPStubs/NSURLSession
    - OHHTTPStubs/OHPathHelpers
  - OHHTTPStubs/JSON (6.0.0):
    - OHHTTPStubs/Core
  - OHHTTPStubs/NSURLSession (6.0.0):
    - OHHTTPStubs/Core
  - OHHTTPStubs/OHPathHelpers (6.0.0)
  - OHHTTPStubs/Swift (6.0.0):
    - OHHTTPStubs/Default
  - ReachabilitySwift (3)
  - Webtrekk (4.12.4):
    - ReachabilitySwift (~> 3.0.0)

DEPENDENCIES:
  - Nimble (~> 7.0.1)
  - OHHTTPStubs (~> 6.0.0)
  - OHHTTPStubs/Swift (~> 6.0.0)
  - Webtrekk (~> 4.12.0)

SPEC REPOS:
  https://github.com/cocoapods/specs.git:
    - Nimble
    - OHHTTPStubs
    - ReachabilitySwift
    - Webtrekk

SPEC CHECKSUMS:
  Nimble: 7f5a9c447a33002645a071bddafbfb24ea70e0ac
  OHHTTPStubs: 752f9b11fd810a15162d50f11c06ff94f8e012eb
  ReachabilitySwift: f5b9bb30a0777fac8f09ce8b067e32faeb29bb64
  Webtrekk: bacbd910a81ab0b042594bfa1604fc54b74fdd56

PODFILE CHECKSUM: 2ea45f26e3d24db28fad1ae8707edebd099248ad

COCOAPODS: 1.5.3
