PODS:
  - Nimble (7.0.2)
  - OHHTTPStubs (6.0.0):
    - OHHTTPStubs/Default (= 6.0.0)
  - OHHTTPStubs/Core (6.0.0)
  - OHHTTPStubs/Default (6.0.0):
    - OHHTTPStubs/Core
    - OHHTTPStubs/JSON
    - OHHTTPStubs/NSURLSession
    - OHHTTPStubs/OHPathHelpers
  - OHHTTPStubs/JSON (6.0.0):
    - OHHTTPStubs/Core
  - OHHTTPStubs/NSURLSession (6.0.0):
    - OHHTTPStubs/Core
  - OHHTTPStubs/OHPathHelpers (6.0.0)
  - OHHTTPStubs/Swift (6.0.0):
    - OHHTTPStubs/Default
  - ReachabilitySwift (3)
  - Webtrekk (4.11.0):
    - ReachabilitySwift (~> 3.0.0)

DEPENDENCIES:
  - Nimble (~> 7.0.1)
  - OHHTTPStubs (~> 6.0.0)
  - OHHTTPStubs/Swift (~> 6.0.0)
  - Webtrekk (= 4.11)

SPEC REPOS:
  https://github.com/CocoaPods/Specs.git:
    - Nimble
    - OHHTTPStubs
    - ReachabilitySwift
    - Webtrekk

SPEC CHECKSUMS:
  Nimble: bfe1f814edabba69ff145cb1283e04ed636a67f2
  OHHTTPStubs: 752f9b11fd810a15162d50f11c06ff94f8e012eb
  ReachabilitySwift: f5b9bb30a0777fac8f09ce8b067e32faeb29bb64
  Webtrekk: ec3c4ec99fee41021ffad89405c066c30c09ab2e

PODFILE CHECKSUM: 3d2e190ed001d2c7e378bf02176f095b91e0eb44

COCOAPODS: 1.5.0
